
Microsoft Visual Studio Solution File, Format Version 12.00
# Visual Studio Version 17
VisualStudioVersion = 17.11.35312.102
MinimumVisualStudioVersion = 10.0.40219.1
Project("{FAE04EC0-301F-11D3-BF4B-00C04F79EFBC}") = "Chap08ExWizardInventory", "Chap08ExWizardInventory\Chap08ExWizardInventory.csproj", "{0635C107-4F77-42C6-8423-4E46CD014FDB}"
EndProject
Global
	GlobalSection(SolutionConfigurationPlatforms) = preSolution
		Debug|Any CPU = Debug|Any CPU
		Release|Any CPU = Release|Any CPU
	EndGlobalSection
	GlobalSection(ProjectConfigurationPlatforms) = postSolution
		{0635C107-4F77-42C6-8423-4E46CD014FDB}.Debug|Any CPU.ActiveCfg = Debug|Any CPU
		{0635C107-4F77-42C6-8423-4E46CD014FDB}.Debug|Any CPU.Build.0 = Debug|Any CPU
		{0635C107-4F77-42C6-8423-4E46CD014FDB}.Release|Any CPU.ActiveCfg = Release|Any CPU
		{0635C107-4F77-42C6-8423-4E46CD014FDB}.Release|Any CPU.Build.0 = Release|Any CPU
	EndGlobalSection
	GlobalSection(SolutionProperties) = preSolution
		HideSolutionNode = FALSE
	EndGlobalSection
	GlobalSection(ExtensibilityGlobals) = postSolution
		SolutionGuid = {DD63F60A-33AB-4322-975F-26FCE92AC4D4}
	EndGlobalSection
EndGlobal
