
Microsoft Visual Studio Solution File, Format Version 12.00
# Visual Studio Version 17
VisualStudioVersion = 17.11.35312.102
MinimumVisualStudioVersion = 10.0.40219.1
Project("{FAE04EC0-301F-11D3-BF4B-00C04F79EFBC}") = "Chap16ExDiceRoller", "Chap16ExDiceRoller\Chap16ExDiceRoller.csproj", "{B256ED28-658C-4792-A8A6-C3229E4D8CBD}"
EndProject
Global
	GlobalSection(SolutionConfigurationPlatforms) = preSolution
		Debug|Any CPU = Debug|Any CPU
		Release|Any CPU = Release|Any CPU
	EndGlobalSection
	GlobalSection(ProjectConfigurationPlatforms) = postSolution
		{B256ED28-658C-4792-A8A6-C3229E4D8CBD}.Debug|Any CPU.ActiveCfg = Debug|Any CPU
		{B256ED28-658C-4792-A8A6-C3229E4D8CBD}.Debug|Any CPU.Build.0 = Debug|Any CPU
		{B256ED28-658C-4792-A8A6-C3229E4D8CBD}.Release|Any CPU.ActiveCfg = Release|Any CPU
		{B256ED28-658C-4792-A8A6-C3229E4D8CBD}.Release|Any CPU.Build.0 = Release|Any CPU
	EndGlobalSection
	GlobalSection(SolutionProperties) = preSolution
		HideSolutionNode = FALSE
	EndGlobalSection
	GlobalSection(ExtensibilityGlobals) = postSolution
		SolutionGuid = {0A86F041-1BAA-4E9C-A7FF-5906E979229D}
	EndGlobalSection
EndGlobal
