
Microsoft Visual Studio Solution File, Format Version 12.00
# Visual Studio Version 17
VisualStudioVersion = 17.11.35312.102
MinimumVisualStudioVersion = 10.0.40219.1
Project("{FAE04EC0-301F-11D3-BF4B-00C04F79EFBC}") = "Chap06ExDiceRoller", "Chap06ExDiceRoller\Chap06ExDiceRoller.csproj", "{4A4349AB-D071-4ECF-AEAC-6E22D4E817D7}"
EndProject
Global
	GlobalSection(SolutionConfigurationPlatforms) = preSolution
		Debug|Any CPU = Debug|Any CPU
		Release|Any CPU = Release|Any CPU
	EndGlobalSection
	GlobalSection(ProjectConfigurationPlatforms) = postSolution
		{4A4349AB-D071-4ECF-AEAC-6E22D4E817D7}.Debug|Any CPU.ActiveCfg = Debug|Any CPU
		{4A4349AB-D071-4ECF-AEAC-6E22D4E817D7}.Debug|Any CPU.Build.0 = Debug|Any CPU
		{4A4349AB-D071-4ECF-AEAC-6E22D4E817D7}.Release|Any CPU.ActiveCfg = Release|Any CPU
		{4A4349AB-D071-4ECF-AEAC-6E22D4E817D7}.Release|Any CPU.Build.0 = Release|Any CPU
	EndGlobalSection
	GlobalSection(SolutionProperties) = preSolution
		HideSolutionNode = FALSE
	EndGlobalSection
	GlobalSection(ExtensibilityGlobals) = postSolution
		SolutionGuid = {E26C37B7-FBA8-4C27-8F68-BC37260786E1}
	EndGlobalSection
EndGlobal
