
Microsoft Visual Studio Solution File, Format Version 12.00
# Visual Studio Version 17
VisualStudioVersion = 17.11.35312.102
MinimumVisualStudioVersion = 10.0.40219.1
Project("{FAE04EC0-301F-11D3-BF4B-00C04F79EFBC}") = "Chap12ClassesDemo", "Chap12ClassesDemo\Chap12ClassesDemo.csproj", "{BC9BBAB4-8C61-4EA3-A093-6E8BE89D718E}"
EndProject
Global
	GlobalSection(SolutionConfigurationPlatforms) = preSolution
		Debug|Any CPU = Debug|Any CPU
		Release|Any CPU = Release|Any CPU
	EndGlobalSection
	GlobalSection(ProjectConfigurationPlatforms) = postSolution
		{BC9BBAB4-8C61-4EA3-A093-6E8BE89D718E}.Debug|Any CPU.ActiveCfg = Debug|Any CPU
		{BC9BBAB4-8C61-4EA3-A093-6E8BE89D718E}.Debug|Any CPU.Build.0 = Debug|Any CPU
		{BC9BBAB4-8C61-4EA3-A093-6E8BE89D718E}.Release|Any CPU.ActiveCfg = Release|Any CPU
		{BC9BBAB4-8C61-4EA3-A093-6E8BE89D718E}.Release|Any CPU.Build.0 = Release|Any CPU
	EndGlobalSection
	GlobalSection(SolutionProperties) = preSolution
		HideSolutionNode = FALSE
	EndGlobalSection
	GlobalSection(ExtensibilityGlobals) = postSolution
		SolutionGuid = {70938162-CE21-4B7B-BECA-EBD840050825}
	EndGlobalSection
EndGlobal
