
Microsoft Visual Studio Solution File, Format Version 12.00
# Visual Studio Version 17
VisualStudioVersion = 17.11.35312.102
MinimumVisualStudioVersion = 10.0.40219.1
Project("{FAE04EC0-301F-11D3-BF4B-00C04F79EFBC}") = "ConsoleChangeTester", "ConsoleChangeTester\ConsoleChangeTester.csproj", "{4ABA5990-C1CE-431A-B6A0-34B7A4BF3D76}"
EndProject
Global
	GlobalSection(SolutionConfigurationPlatforms) = preSolution
		Debug|Any CPU = Debug|Any CPU
		Release|Any CPU = Release|Any CPU
	EndGlobalSection
	GlobalSection(ProjectConfigurationPlatforms) = postSolution
		{4ABA5990-C1CE-431A-B6A0-34B7A4BF3D76}.Debug|Any CPU.ActiveCfg = Debug|Any CPU
		{4ABA5990-C1CE-431A-B6A0-34B7A4BF3D76}.Debug|Any CPU.Build.0 = Debug|Any CPU
		{4ABA5990-C1CE-431A-B6A0-34B7A4BF3D76}.Release|Any CPU.ActiveCfg = Release|Any CPU
		{4ABA5990-C1CE-431A-B6A0-34B7A4BF3D76}.Release|Any CPU.Build.0 = Release|Any CPU
	EndGlobalSection
	GlobalSection(SolutionProperties) = preSolution
		HideSolutionNode = FALSE
	EndGlobalSection
	GlobalSection(ExtensibilityGlobals) = postSolution
		SolutionGuid = {A7A4BC96-C3DF-4973-BB68-6FB6A4D5749D}
	EndGlobalSection
EndGlobal
