
Microsoft Visual Studio Solution File, Format Version 12.00
# Visual Studio Version 17
VisualStudioVersion = 17.11.35312.102
MinimumVisualStudioVersion = 10.0.40219.1
Project("{FAE04EC0-301F-11D3-BF4B-00C04F79EFBC}") = "Chap12ExGuessingGame", "Chap12ExGuessingGame.csproj", "{6E636071-513E-45E7-A9DD-F92A06BEC149}"
EndProject
Global
	GlobalSection(SolutionConfigurationPlatforms) = preSolution
		Debug|x86 = Debug|x86
		Release|x86 = Release|x86
	EndGlobalSection
	GlobalSection(ProjectConfigurationPlatforms) = postSolution
		{6E636071-513E-45E7-A9DD-F92A06BEC149}.Debug|x86.ActiveCfg = Debug|x86
		{6E636071-513E-45E7-A9DD-F92A06BEC149}.Debug|x86.Build.0 = Debug|x86
		{6E636071-513E-45E7-A9DD-F92A06BEC149}.Release|x86.ActiveCfg = Release|x86
		{6E636071-513E-45E7-A9DD-F92A06BEC149}.Release|x86.Build.0 = Release|x86
	EndGlobalSection
	GlobalSection(SolutionProperties) = preSolution
		HideSolutionNode = FALSE
	EndGlobalSection
	GlobalSection(ExtensibilityGlobals) = postSolution
		SolutionGuid = {61417039-60A1-4923-9B49-3816F6614C7F}
	EndGlobalSection
EndGlobal
